{
  "name": "dispatching-company",
  "version": "1.0.0",
  "lockfileVersion": 3,
  "requires": true,
  "packages": {
    "": {
      "name": "dispatching-company",
      "version": "1.0.0",
      "license": "ISC",
      "dependencies": {
        "component-image-carousel": "^1.0.0"
      }
    },
    "node_modules/component-image-carousel": {
      "version": "1.0.0",
      "resolved": "https://registry.npmjs.org/component-image-carousel/-/component-image-carousel-1.0.0.tgz",
      "integrity": "sha512-A75p+SH4dVNZyC7M2WkubPUGgfMAVp7nC+Qdvcu0+Xc/CjXpXXgPoyR9M9gLDgZesTGr2LiuvWtTnp74y3LMzg==",
      "license": "ISC"
    }
  }
}
